
Microsoft Visual Studio Solution File, Format Version 12.00
# Visual Studio Version 16
VisualStudioVersion = 16.0.30011.22
MinimumVisualStudioVersion = 10.0.40219.1
Project("{FAE04EC0-301F-11D3-BF4B-00C04F79EFBC}") = "Interface_4", "Interface_4\Interface_4.csproj", "{89B94B1D-A1BE-48F0-BAFA-8A9814F0E3D5}"
EndProject
Global
	GlobalSection(SolutionConfigurationPlatforms) = preSolution
		Debug|Any CPU = Debug|Any CPU
		Release|Any CPU = Release|Any CPU
	EndGlobalSection
	GlobalSection(ProjectConfigurationPlatforms) = postSolution
		{89B94B1D-A1BE-48F0-BAFA-8A9814F0E3D5}.Debug|Any CPU.ActiveCfg = Debug|Any CPU
		{89B94B1D-A1BE-48F0-BAFA-8A9814F0E3D5}.Debug|Any CPU.Build.0 = Debug|Any CPU
		{89B94B1D-A1BE-48F0-BAFA-8A9814F0E3D5}.Release|Any CPU.ActiveCfg = Release|Any CPU
		{89B94B1D-A1BE-48F0-BAFA-8A9814F0E3D5}.Release|Any CPU.Build.0 = Release|Any CPU
	EndGlobalSection
	GlobalSection(SolutionProperties) = preSolution
		HideSolutionNode = FALSE
	EndGlobalSection
	GlobalSection(ExtensibilityGlobals) = postSolution
		SolutionGuid = {382F02B9-4CC3-4BB6-A230-CF5FC9A7418A}
	EndGlobalSection
EndGlobal
