
Microsoft Visual Studio Solution File, Format Version 12.00
# Visual Studio Version 16
VisualStudioVersion = 16.0.30011.22
MinimumVisualStudioVersion = 10.0.40219.1
Project("{FAE04EC0-301F-11D3-BF4B-00C04F79EFBC}") = "Linq_Lambda", "Linq_Lambda\Linq_Lambda.csproj", "{847E53AC-CEA7-42C0-AC72-37683C0504A8}"
EndProject
Global
	GlobalSection(SolutionConfigurationPlatforms) = preSolution
		Debug|Any CPU = Debug|Any CPU
		Release|Any CPU = Release|Any CPU
	EndGlobalSection
	GlobalSection(ProjectConfigurationPlatforms) = postSolution
		{847E53AC-CEA7-42C0-AC72-37683C0504A8}.Debug|Any CPU.ActiveCfg = Debug|Any CPU
		{847E53AC-CEA7-42C0-AC72-37683C0504A8}.Debug|Any CPU.Build.0 = Debug|Any CPU
		{847E53AC-CEA7-42C0-AC72-37683C0504A8}.Release|Any CPU.ActiveCfg = Release|Any CPU
		{847E53AC-CEA7-42C0-AC72-37683C0504A8}.Release|Any CPU.Build.0 = Release|Any CPU
	EndGlobalSection
	GlobalSection(SolutionProperties) = preSolution
		HideSolutionNode = FALSE
	EndGlobalSection
	GlobalSection(ExtensibilityGlobals) = postSolution
		SolutionGuid = {75B5253E-C6B7-407B-81D2-B54EF55305CF}
	EndGlobalSection
EndGlobal
