
Microsoft Visual Studio Solution File, Format Version 12.00
# Visual Studio Version 16
VisualStudioVersion = 16.0.29613.14
MinimumVisualStudioVersion = 10.0.40219.1
Project("{FAE04EC0-301F-11D3-BF4B-00C04F79EFBC}") = "Exercicio_proposto", "Exercicio_proposto\Exercicio_proposto.csproj", "{99A83906-23EB-4CF5-9F4D-94AFB1BF44C2}"
EndProject
Global
	GlobalSection(SolutionConfigurationPlatforms) = preSolution
		Debug|Any CPU = Debug|Any CPU
		Release|Any CPU = Release|Any CPU
	EndGlobalSection
	GlobalSection(ProjectConfigurationPlatforms) = postSolution
		{99A83906-23EB-4CF5-9F4D-94AFB1BF44C2}.Debug|Any CPU.ActiveCfg = Debug|Any CPU
		{99A83906-23EB-4CF5-9F4D-94AFB1BF44C2}.Debug|Any CPU.Build.0 = Debug|Any CPU
		{99A83906-23EB-4CF5-9F4D-94AFB1BF44C2}.Release|Any CPU.ActiveCfg = Release|Any CPU
		{99A83906-23EB-4CF5-9F4D-94AFB1BF44C2}.Release|Any CPU.Build.0 = Release|Any CPU
	EndGlobalSection
	GlobalSection(SolutionProperties) = preSolution
		HideSolutionNode = FALSE
	EndGlobalSection
	GlobalSection(ExtensibilityGlobals) = postSolution
		SolutionGuid = {1C53F6D8-DECB-4CD9-8B0E-8B488E469FC9}
	EndGlobalSection
EndGlobal
