
Microsoft Visual Studio Solution File, Format Version 12.00
# Visual Studio Version 16
VisualStudioVersion = 16.0.29613.14
MinimumVisualStudioVersion = 10.0.40219.1
Project("{FAE04EC0-301F-11D3-BF4B-00C04F79EFBC}") = "Classe_abstrata", "Classe_abstrata\Classe_abstrata.csproj", "{A5DAF54C-E752-49D0-9FED-9D8FE995333F}"
EndProject
Global
	GlobalSection(SolutionConfigurationPlatforms) = preSolution
		Debug|Any CPU = Debug|Any CPU
		Release|Any CPU = Release|Any CPU
	EndGlobalSection
	GlobalSection(ProjectConfigurationPlatforms) = postSolution
		{A5DAF54C-E752-49D0-9FED-9D8FE995333F}.Debug|Any CPU.ActiveCfg = Debug|Any CPU
		{A5DAF54C-E752-49D0-9FED-9D8FE995333F}.Debug|Any CPU.Build.0 = Debug|Any CPU
		{A5DAF54C-E752-49D0-9FED-9D8FE995333F}.Release|Any CPU.ActiveCfg = Release|Any CPU
		{A5DAF54C-E752-49D0-9FED-9D8FE995333F}.Release|Any CPU.Build.0 = Release|Any CPU
	EndGlobalSection
	GlobalSection(SolutionProperties) = preSolution
		HideSolutionNode = FALSE
	EndGlobalSection
	GlobalSection(ExtensibilityGlobals) = postSolution
		SolutionGuid = {F5B7BB6C-4544-428F-BE25-468A9DFC03B2}
	EndGlobalSection
EndGlobal
